<?xml version="1.0" encoding="utf-8"?>
<Project ToolsVersion="4.0" xmlns="http://schemas.microsoft.com/developer/msbuild/2003">
  <ItemGroup>
    <Filter Include="Source Files">
      <UniqueIdentifier>{4FC737F1-C7A5-4376-A066-2A32D752A2FF}</UniqueIdentifier>
      <Extensions>cpp;c;cc;cxx;def;odl;idl;hpj;bat;asm;asmx</Extensions>
    </Filter>
    <Filter Include="Header Files">
      <UniqueIdentifier>{93995380-89BD-4b04-88EB-625FBE52EBFB}</UniqueIdentifier>
      <Extensions>h;hh;hpp;hxx;hm;inl;inc;xsd</Extensions>
    </Filter>
    <Filter Include="Resource Files">
      <UniqueIdentifier>{67DA6AB6-F800-4c08-8B7A-83BB121AAD01}</UniqueIdentifier>
      <Extensions>rc;ico;cur;bmp;dlg;rc2;rct;bin;rgs;gif;jpg;jpeg;jpe;resx;tiff;tif;png;wav</Extensions>
    </Filter>
  </ItemGroup>
  <ItemGroup>
    <ClCompile Include="YoLoTest.cpp">
      <Filter>Source Files</Filter>
    </ClCompile>
  </ItemGroup>
  <ItemGroup>
    <ClInclude Include="include\activations.h">
      <Filter>Header Files</Filter>
    </ClInclude>
    <ClInclude Include="include\activation_layer.h">
      <Filter>Header Files</Filter>
    </ClInclude>
    <ClInclude Include="include\avgpool_layer.h">
      <Filter>Header Files</Filter>
    </ClInclude>
    <ClInclude Include="include\batchnorm_layer.h">
      <Filter>Header Files</Filter>
    </ClInclude>
    <ClInclude Include="include\blas.h">
      <Filter>Header Files</Filter>
    </ClInclude>
    <ClInclude Include="include\box.h">
      <Filter>Header Files</Filter>
    </ClInclude>
    <ClInclude Include="include\classifier.h">
      <Filter>Header Files</Filter>
    </ClInclude>
    <ClInclude Include="include\col2im.h">
      <Filter>Header Files</Filter>
    </ClInclude>
    <ClInclude Include="include\connected_layer.h">
      <Filter>Header Files</Filter>
    </ClInclude>
    <ClInclude Include="include\convolutional_layer.h">
      <Filter>Header Files</Filter>
    </ClInclude>
    <ClInclude Include="include\cost_layer.h">
      <Filter>Header Files</Filter>
    </ClInclude>
    <ClInclude Include="include\crnn_layer.h">
      <Filter>Header Files</Filter>
    </ClInclude>
    <ClInclude Include="include\crop_layer.h">
      <Filter>Header Files</Filter>
    </ClInclude>
    <ClInclude Include="include\cuda.h">
      <Filter>Header Files</Filter>
    </ClInclude>
    <ClInclude Include="include\data.h">
      <Filter>Header Files</Filter>
    </ClInclude>
    <ClInclude Include="include\deconvolutional_layer.h">
      <Filter>Header Files</Filter>
    </ClInclude>
    <ClInclude Include="include\demo.h">
      <Filter>Header Files</Filter>
    </ClInclude>
    <ClInclude Include="include\detection_layer.h">
      <Filter>Header Files</Filter>
    </ClInclude>
    <ClInclude Include="include\dropout_layer.h">
      <Filter>Header Files</Filter>
    </ClInclude>
    <ClInclude Include="include\gemm.h">
      <Filter>Header Files</Filter>
    </ClInclude>
    <ClInclude Include="include\getopt.h">
      <Filter>Header Files</Filter>
    </ClInclude>
    <ClInclude Include="include\gettimeofday.h">
      <Filter>Header Files</Filter>
    </ClInclude>
    <ClInclude Include="include\gru_layer.h">
      <Filter>Header Files</Filter>
    </ClInclude>
    <ClInclude Include="include\http_stream.h">
      <Filter>Header Files</Filter>
    </ClInclude>
    <ClInclude Include="include\im2col.h">
      <Filter>Header Files</Filter>
    </ClInclude>
    <ClInclude Include="include\image.h">
      <Filter>Header Files</Filter>
    </ClInclude>
    <ClInclude Include="include\layer.h">
      <Filter>Header Files</Filter>
    </ClInclude>
    <ClInclude Include="include\list.h">
      <Filter>Header Files</Filter>
    </ClInclude>
    <ClInclude Include="include\local_layer.h">
      <Filter>Header Files</Filter>
    </ClInclude>
    <ClInclude Include="include\matrix.h">
      <Filter>Header Files</Filter>
    </ClInclude>
    <ClInclude Include="include\maxpool_layer.h">
      <Filter>Header Files</Filter>
    </ClInclude>
    <ClInclude Include="include\network.h">
      <Filter>Header Files</Filter>
    </ClInclude>
    <ClInclude Include="include\normalization_layer.h">
      <Filter>Header Files</Filter>
    </ClInclude>
    <ClInclude Include="include\option_list.h">
      <Filter>Header Files</Filter>
    </ClInclude>
    <ClInclude Include="include\parser.h">
      <Filter>Header Files</Filter>
    </ClInclude>
    <ClInclude Include="include\region_layer.h">
      <Filter>Header Files</Filter>
    </ClInclude>
    <ClInclude Include="include\reorg_layer.h">
      <Filter>Header Files</Filter>
    </ClInclude>
    <ClInclude Include="include\reorg_old_layer.h">
      <Filter>Header Files</Filter>
    </ClInclude>
    <ClInclude Include="include\rnn_layer.h">
      <Filter>Header Files</Filter>
    </ClInclude>
    <ClInclude Include="include\route_layer.h">
      <Filter>Header Files</Filter>
    </ClInclude>
    <ClInclude Include="include\shortcut_layer.h">
      <Filter>Header Files</Filter>
    </ClInclude>
    <ClInclude Include="include\softmax_layer.h">
      <Filter>Header Files</Filter>
    </ClInclude>
    <ClInclude Include="include\stb_image.h">
      <Filter>Header Files</Filter>
    </ClInclude>
    <ClInclude Include="include\stb_image_write.h">
      <Filter>Header Files</Filter>
    </ClInclude>
    <ClInclude Include="include\tree.h">
      <Filter>Header Files</Filter>
    </ClInclude>
    <ClInclude Include="include\unistd.h">
      <Filter>Header Files</Filter>
    </ClInclude>
    <ClInclude Include="include\upsample_layer.h">
      <Filter>Header Files</Filter>
    </ClInclude>
    <ClInclude Include="include\utils.h">
      <Filter>Header Files</Filter>
    </ClInclude>
    <ClInclude Include="include\yolo_layer.h">
      <Filter>Header Files</Filter>
    </ClInclude>
    <ClInclude Include="include\yolo_v2_class.hpp">
      <Filter>Header Files</Filter>
    </ClInclude>
  </ItemGroup>
  <ItemGroup>
    <Text Include="readme.txt" />
  </ItemGroup>
</Project>